
Microsoft Visual Studio Solution File, Format Version 12.00
# Visual Studio 14
VisualStudioVersion = 14.0.25123.0
MinimumVisualStudioVersion = 10.0.40219.1
Project("{8BC9CEB8-8B4A-11D0-8D11-00A0C91BC942}") = "DataStructures", "DataStructures\DataStructures.vcxproj", "{B2B2D6DC-DD8B-47C6-B844-F155F4654990}"
EndProject
Project("{8BC9CEB8-8B4A-11D0-8D11-00A0C91BC942}") = "BasicLib", "BasicLib\BasicLib.vcxproj", "{9BB37806-808F-482F-859C-E025BA105F3C}"
EndProject
Project("{2150E333-8FDC-42A3-9474-1A3956D46DE8}") = "Algorithm", "Algorithm", "{3084608B-45B0-4E26-96C6-6B1365E21C72}"
EndProject
Project("{2150E333-8FDC-42A3-9474-1A3956D46DE8}") = "AI", "AI", "{37D06977-732A-4D84-AFD0-E18E69CD7F8E}"
EndProject
Project("{FAE04EC0-301F-11D3-BF4B-00C04F79EFBC}") = "EatingSnake", "AI\Snake\EatingSnake.csproj", "{8BDCB71C-8682-4EBA-AFF5-CCB6C327367D}"
EndProject
Project("{2150E333-8FDC-42A3-9474-1A3956D46DE8}") = "Compilers", "Compilers", "{01CE5547-46B4-4103-8FC1-3D5C090BD946}"
EndProject
Project("{2150E333-8FDC-42A3-9474-1A3956D46DE8}") = "Windows", "Windows", "{AF82C3F6-CAB4-4D9C-90F6-12B514EA8CA8}"
EndProject
Project("{2150E333-8FDC-42A3-9474-1A3956D46DE8}") = "Others", "Others", "{F3B44B09-E174-4504-9049-4DC9461298B6}"
EndProject
Project("{8BC9CEB8-8B4A-11D0-8D11-00A0C91BC942}") = "NQueen", "Algorithm\NQueen\NQueen.vcxproj", "{F8EDD5F0-2A1D-49A7-A104-1D6A7AA514F4}"
EndProject
Project("{8BC9CEB8-8B4A-11D0-8D11-00A0C91BC942}") = "AnnotationFilter", "Compilers\AnnotationFilter\AnnotationFilter.vcxproj", "{1566E4C0-3C2E-4B29-A9ED-708AF3281695}"
EndProject
Project("{8BC9CEB8-8B4A-11D0-8D11-00A0C91BC942}") = "cdecl", "Compilers\cdecl\cdecl.vcxproj", "{EB905638-559D-434C-B763-4A766809E1AE}"
EndProject
Project("{FAE04EC0-301F-11D3-BF4B-00C04F79EFBC}") = "Interpreter", "Compilers\iSchemeInterpreter\Interpreter.csproj", "{225FBBD1-C874-4802-B794-D34E23DC7018}"
EndProject
Project("{FAE04EC0-301F-11D3-BF4B-00C04F79EFBC}") = "RegexChart", "Compilers\RegexChart\RegexChart.csproj", "{B05727A3-A720-4716-9118-DBE5D9929256}"
EndProject
Project("{FAE04EC0-301F-11D3-BF4B-00C04F79EFBC}") = "RegexTest", "Compilers\RegexTest\RegexTest.csproj", "{19CE1833-5B17-447B-990B-46EF796941FC}"
EndProject
Project("{8BC9CEB8-8B4A-11D0-8D11-00A0C91BC942}") = "SpyLib", "Windows\PESpy\SpyLib\SpyLib.vcxproj", "{E2B684A9-7399-480A-801E-87C039DE07F6}"
EndProject
Project("{8BC9CEB8-8B4A-11D0-8D11-00A0C91BC942}") = "YupeiLibrary", "YupeiLibrary\Source\YupeiLibrary.vcxproj", "{2A77A2F0-5B90-494F-B890-6CE55407B5AA}"
EndProject
Project("{FAE04EC0-301F-11D3-BF4B-00C04F79EFBC}") = "2048", "AI\2048\2048.csproj", "{157FC353-E7AD-4C07-977A-4849D901619C}"
EndProject
Project("{FAE04EC0-301F-11D3-BF4B-00C04F79EFBC}") = "Game2048Test", "AI\Game2048Test\Game2048Test.csproj", "{2C5C4579-72DD-4483-BCEA-268AC1F5755C}"
EndProject
Project("{2150E333-8FDC-42A3-9474-1A3956D46DE8}") = "Chat", "Chat", "{DF4DD932-2801-45CD-898F-C60A2B87499F}"
EndProject
Project("{FAE04EC0-301F-11D3-BF4B-00C04F79EFBC}") = "WpfClientApp", "Others\Chat\WpfClientApp\WpfClientApp.csproj", "{7E295614-0571-4780-B377-94E4101046B6}"
EndProject
Project("{FAE04EC0-301F-11D3-BF4B-00C04F79EFBC}") = "Protocol", "Others\Chat\Protocol\Protocol.csproj", "{81A5879A-1B0B-48B3-991E-0453181A4356}"
EndProject
Project("{FAE04EC0-301F-11D3-BF4B-00C04F79EFBC}") = "Client", "Others\Chat\Client\Client.csproj", "{52E6A5E1-CE90-49C0-904C-5D44B365F9A1}"
EndProject
Project("{FAE04EC0-301F-11D3-BF4B-00C04F79EFBC}") = "Server", "Others\Chat\Server\Server.csproj", "{3ED4ADAF-B3EB-4751-837A-F0C05504B104}"
EndProject
Project("{FAE04EC0-301F-11D3-BF4B-00C04F79EFBC}") = "ConsoleClientApp", "Others\Chat\ConsoleClientApp\ConsoleClientApp.csproj", "{AB7EBE65-7124-4292-AF33-524D41C535FA}"
EndProject
Project("{FAE04EC0-301F-11D3-BF4B-00C04F79EFBC}") = "ConsoleServerApp", "Others\Chat\ConsoleServerApp\ConsoleServerApp.csproj", "{0E358CAC-C728-43B1-932A-8F9C9B0ABA10}"
EndProject
Global
	GlobalSection(SolutionConfigurationPlatforms) = preSolution
		Debug|Any CPU = Debug|Any CPU
		Debug|ARM = Debug|ARM
		Debug|x64 = Debug|x64
		Debug|x86 = Debug|x86
		Release|Any CPU = Release|Any CPU
		Release|ARM = Release|ARM
		Release|x64 = Release|x64
		Release|x86 = Release|x86
	EndGlobalSection
	GlobalSection(ProjectConfigurationPlatforms) = postSolution
		{B2B2D6DC-DD8B-47C6-B844-F155F4654990}.Debug|Any CPU.ActiveCfg = Debug|Win32
		{B2B2D6DC-DD8B-47C6-B844-F155F4654990}.Debug|ARM.ActiveCfg = Debug|Win32
		{B2B2D6DC-DD8B-47C6-B844-F155F4654990}.Debug|x64.ActiveCfg = Debug|x64
		{B2B2D6DC-DD8B-47C6-B844-F155F4654990}.Debug|x64.Build.0 = Debug|x64
		{B2B2D6DC-DD8B-47C6-B844-F155F4654990}.Debug|x86.ActiveCfg = Debug|Win32
		{B2B2D6DC-DD8B-47C6-B844-F155F4654990}.Debug|x86.Build.0 = Debug|Win32
		{B2B2D6DC-DD8B-47C6-B844-F155F4654990}.Release|Any CPU.ActiveCfg = Release|Win32
		{B2B2D6DC-DD8B-47C6-B844-F155F4654990}.Release|ARM.ActiveCfg = Release|Win32
		{B2B2D6DC-DD8B-47C6-B844-F155F4654990}.Release|x64.ActiveCfg = Release|x64
		{B2B2D6DC-DD8B-47C6-B844-F155F4654990}.Release|x64.Build.0 = Release|x64
		{B2B2D6DC-DD8B-47C6-B844-F155F4654990}.Release|x86.ActiveCfg = Release|Win32
		{B2B2D6DC-DD8B-47C6-B844-F155F4654990}.Release|x86.Build.0 = Release|Win32
		{9BB37806-808F-482F-859C-E025BA105F3C}.Debug|Any CPU.ActiveCfg = Debug|Win32
		{9BB37806-808F-482F-859C-E025BA105F3C}.Debug|ARM.ActiveCfg = Debug|Win32
		{9BB37806-808F-482F-859C-E025BA105F3C}.Debug|x64.ActiveCfg = Debug|x64
		{9BB37806-808F-482F-859C-E025BA105F3C}.Debug|x64.Build.0 = Debug|x64
		{9BB37806-808F-482F-859C-E025BA105F3C}.Debug|x86.ActiveCfg = Debug|Win32
		{9BB37806-808F-482F-859C-E025BA105F3C}.Debug|x86.Build.0 = Debug|Win32
		{9BB37806-808F-482F-859C-E025BA105F3C}.Release|Any CPU.ActiveCfg = Release|Win32
		{9BB37806-808F-482F-859C-E025BA105F3C}.Release|ARM.ActiveCfg = Release|Win32
		{9BB37806-808F-482F-859C-E025BA105F3C}.Release|x64.ActiveCfg = Release|x64
		{9BB37806-808F-482F-859C-E025BA105F3C}.Release|x64.Build.0 = Release|x64
		{9BB37806-808F-482F-859C-E025BA105F3C}.Release|x86.ActiveCfg = Release|Win32
		{9BB37806-808F-482F-859C-E025BA105F3C}.Release|x86.Build.0 = Release|Win32
		{8BDCB71C-8682-4EBA-AFF5-CCB6C327367D}.Debug|Any CPU.ActiveCfg = Debug|Any CPU
		{8BDCB71C-8682-4EBA-AFF5-CCB6C327367D}.Debug|Any CPU.Build.0 = Debug|Any CPU
		{8BDCB71C-8682-4EBA-AFF5-CCB6C327367D}.Debug|ARM.ActiveCfg = Debug|Any CPU
		{8BDCB71C-8682-4EBA-AFF5-CCB6C327367D}.Debug|ARM.Build.0 = Debug|Any CPU
		{8BDCB71C-8682-4EBA-AFF5-CCB6C327367D}.Debug|x64.ActiveCfg = Debug|Any CPU
		{8BDCB71C-8682-4EBA-AFF5-CCB6C327367D}.Debug|x64.Build.0 = Debug|Any CPU
		{8BDCB71C-8682-4EBA-AFF5-CCB6C327367D}.Debug|x86.ActiveCfg = Debug|Any CPU
		{8BDCB71C-8682-4EBA-AFF5-CCB6C327367D}.Debug|x86.Build.0 = Debug|Any CPU
		{8BDCB71C-8682-4EBA-AFF5-CCB6C327367D}.Release|Any CPU.ActiveCfg = Release|Any CPU
		{8BDCB71C-8682-4EBA-AFF5-CCB6C327367D}.Release|Any CPU.Build.0 = Release|Any CPU
		{8BDCB71C-8682-4EBA-AFF5-CCB6C327367D}.Release|ARM.ActiveCfg = Release|Any CPU
		{8BDCB71C-8682-4EBA-AFF5-CCB6C327367D}.Release|ARM.Build.0 = Release|Any CPU
		{8BDCB71C-8682-4EBA-AFF5-CCB6C327367D}.Release|x64.ActiveCfg = Release|Any CPU
		{8BDCB71C-8682-4EBA-AFF5-CCB6C327367D}.Release|x64.Build.0 = Release|Any CPU
		{8BDCB71C-8682-4EBA-AFF5-CCB6C327367D}.Release|x86.ActiveCfg = Release|Any CPU
		{8BDCB71C-8682-4EBA-AFF5-CCB6C327367D}.Release|x86.Build.0 = Release|Any CPU
		{F8EDD5F0-2A1D-49A7-A104-1D6A7AA514F4}.Debug|Any CPU.ActiveCfg = Debug|Win32
		{F8EDD5F0-2A1D-49A7-A104-1D6A7AA514F4}.Debug|ARM.ActiveCfg = Debug|Win32
		{F8EDD5F0-2A1D-49A7-A104-1D6A7AA514F4}.Debug|x64.ActiveCfg = Debug|x64
		{F8EDD5F0-2A1D-49A7-A104-1D6A7AA514F4}.Debug|x64.Build.0 = Debug|x64
		{F8EDD5F0-2A1D-49A7-A104-1D6A7AA514F4}.Debug|x86.ActiveCfg = Debug|Win32
		{F8EDD5F0-2A1D-49A7-A104-1D6A7AA514F4}.Debug|x86.Build.0 = Debug|Win32
		{F8EDD5F0-2A1D-49A7-A104-1D6A7AA514F4}.Release|Any CPU.ActiveCfg = Release|Win32
		{F8EDD5F0-2A1D-49A7-A104-1D6A7AA514F4}.Release|ARM.ActiveCfg = Release|Win32
		{F8EDD5F0-2A1D-49A7-A104-1D6A7AA514F4}.Release|x64.ActiveCfg = Release|x64
		{F8EDD5F0-2A1D-49A7-A104-1D6A7AA514F4}.Release|x64.Build.0 = Release|x64
		{F8EDD5F0-2A1D-49A7-A104-1D6A7AA514F4}.Release|x86.ActiveCfg = Release|Win32
		{F8EDD5F0-2A1D-49A7-A104-1D6A7AA514F4}.Release|x86.Build.0 = Release|Win32
		{1566E4C0-3C2E-4B29-A9ED-708AF3281695}.Debug|Any CPU.ActiveCfg = Debug|Win32
		{1566E4C0-3C2E-4B29-A9ED-708AF3281695}.Debug|ARM.ActiveCfg = Debug|Win32
		{1566E4C0-3C2E-4B29-A9ED-708AF3281695}.Debug|x64.ActiveCfg = Debug|x64
		{1566E4C0-3C2E-4B29-A9ED-708AF3281695}.Debug|x64.Build.0 = Debug|x64
		{1566E4C0-3C2E-4B29-A9ED-708AF3281695}.Debug|x86.ActiveCfg = Debug|Win32
		{1566E4C0-3C2E-4B29-A9ED-708AF3281695}.Debug|x86.Build.0 = Debug|Win32
		{1566E4C0-3C2E-4B29-A9ED-708AF3281695}.Release|Any CPU.ActiveCfg = Release|Win32
		{1566E4C0-3C2E-4B29-A9ED-708AF3281695}.Release|ARM.ActiveCfg = Release|Win32
		{1566E4C0-3C2E-4B29-A9ED-708AF3281695}.Release|x64.ActiveCfg = Release|x64
		{1566E4C0-3C2E-4B29-A9ED-708AF3281695}.Release|x64.Build.0 = Release|x64
		{1566E4C0-3C2E-4B29-A9ED-708AF3281695}.Release|x86.ActiveCfg = Release|Win32
		{1566E4C0-3C2E-4B29-A9ED-708AF3281695}.Release|x86.Build.0 = Release|Win32
		{EB905638-559D-434C-B763-4A766809E1AE}.Debug|Any CPU.ActiveCfg = Debug|Win32
		{EB905638-559D-434C-B763-4A766809E1AE}.Debug|ARM.ActiveCfg = Debug|Win32
		{EB905638-559D-434C-B763-4A766809E1AE}.Debug|x64.ActiveCfg = Debug|x64
		{EB905638-559D-434C-B763-4A766809E1AE}.Debug|x64.Build.0 = Debug|x64
		{EB905638-559D-434C-B763-4A766809E1AE}.Debug|x86.ActiveCfg = Debug|Win32
		{EB905638-559D-434C-B763-4A766809E1AE}.Debug|x86.Build.0 = Debug|Win32
		{EB905638-559D-434C-B763-4A766809E1AE}.Release|Any CPU.ActiveCfg = Release|Win32
		{EB905638-559D-434C-B763-4A766809E1AE}.Release|ARM.ActiveCfg = Release|Win32
		{EB905638-559D-434C-B763-4A766809E1AE}.Release|x64.ActiveCfg = Release|x64
		{EB905638-559D-434C-B763-4A766809E1AE}.Release|x64.Build.0 = Release|x64
		{EB905638-559D-434C-B763-4A766809E1AE}.Release|x86.ActiveCfg = Release|Win32
		{EB905638-559D-434C-B763-4A766809E1AE}.Release|x86.Build.0 = Release|Win32
		{225FBBD1-C874-4802-B794-D34E23DC7018}.Debug|Any CPU.ActiveCfg = Debug|Any CPU
		{225FBBD1-C874-4802-B794-D34E23DC7018}.Debug|Any CPU.Build.0 = Debug|Any CPU
		{225FBBD1-C874-4802-B794-D34E23DC7018}.Debug|ARM.ActiveCfg = Debug|Any CPU
		{225FBBD1-C874-4802-B794-D34E23DC7018}.Debug|ARM.Build.0 = Debug|Any CPU
		{225FBBD1-C874-4802-B794-D34E23DC7018}.Debug|x64.ActiveCfg = Debug|Any CPU
		{225FBBD1-C874-4802-B794-D34E23DC7018}.Debug|x64.Build.0 = Debug|Any CPU
		{225FBBD1-C874-4802-B794-D34E23DC7018}.Debug|x86.ActiveCfg = Debug|Any CPU
		{225FBBD1-C874-4802-B794-D34E23DC7018}.Debug|x86.Build.0 = Debug|Any CPU
		{225FBBD1-C874-4802-B794-D34E23DC7018}.Release|Any CPU.ActiveCfg = Release|Any CPU
		{225FBBD1-C874-4802-B794-D34E23DC7018}.Release|Any CPU.Build.0 = Release|Any CPU
		{225FBBD1-C874-4802-B794-D34E23DC7018}.Release|ARM.ActiveCfg = Release|Any CPU
		{225FBBD1-C874-4802-B794-D34E23DC7018}.Release|ARM.Build.0 = Release|Any CPU
		{225FBBD1-C874-4802-B794-D34E23DC7018}.Release|x64.ActiveCfg = Release|Any CPU
		{225FBBD1-C874-4802-B794-D34E23DC7018}.Release|x64.Build.0 = Release|Any CPU
		{225FBBD1-C874-4802-B794-D34E23DC7018}.Release|x86.ActiveCfg = Release|Any CPU
		{225FBBD1-C874-4802-B794-D34E23DC7018}.Release|x86.Build.0 = Release|Any CPU
		{B05727A3-A720-4716-9118-DBE5D9929256}.Debug|Any CPU.ActiveCfg = Debug|Any CPU
		{B05727A3-A720-4716-9118-DBE5D9929256}.Debug|Any CPU.Build.0 = Debug|Any CPU
		{B05727A3-A720-4716-9118-DBE5D9929256}.Debug|ARM.ActiveCfg = Debug|Any CPU
		{B05727A3-A720-4716-9118-DBE5D9929256}.Debug|ARM.Build.0 = Debug|Any CPU
		{B05727A3-A720-4716-9118-DBE5D9929256}.Debug|x64.ActiveCfg = Debug|Any CPU
		{B05727A3-A720-4716-9118-DBE5D9929256}.Debug|x64.Build.0 = Debug|Any CPU
		{B05727A3-A720-4716-9118-DBE5D9929256}.Debug|x86.ActiveCfg = Debug|Any CPU
		{B05727A3-A720-4716-9118-DBE5D9929256}.Debug|x86.Build.0 = Debug|Any CPU
		{B05727A3-A720-4716-9118-DBE5D9929256}.Release|Any CPU.ActiveCfg = Release|Any CPU
		{B05727A3-A720-4716-9118-DBE5D9929256}.Release|Any CPU.Build.0 = Release|Any CPU
		{B05727A3-A720-4716-9118-DBE5D9929256}.Release|ARM.ActiveCfg = Release|Any CPU
		{B05727A3-A720-4716-9118-DBE5D9929256}.Release|ARM.Build.0 = Release|Any CPU
		{B05727A3-A720-4716-9118-DBE5D9929256}.Release|x64.ActiveCfg = Release|Any CPU
		{B05727A3-A720-4716-9118-DBE5D9929256}.Release|x64.Build.0 = Release|Any CPU
		{B05727A3-A720-4716-9118-DBE5D9929256}.Release|x86.ActiveCfg = Release|Any CPU
		{B05727A3-A720-4716-9118-DBE5D9929256}.Release|x86.Build.0 = Release|Any CPU
		{19CE1833-5B17-447B-990B-46EF796941FC}.Debug|Any CPU.ActiveCfg = Debug|Any CPU
		{19CE1833-5B17-447B-990B-46EF796941FC}.Debug|Any CPU.Build.0 = Debug|Any CPU
		{19CE1833-5B17-447B-990B-46EF796941FC}.Debug|ARM.ActiveCfg = Debug|Any CPU
		{19CE1833-5B17-447B-990B-46EF796941FC}.Debug|ARM.Build.0 = Debug|Any CPU
		{19CE1833-5B17-447B-990B-46EF796941FC}.Debug|x64.ActiveCfg = Debug|Any CPU
		{19CE1833-5B17-447B-990B-46EF796941FC}.Debug|x64.Build.0 = Debug|Any CPU
		{19CE1833-5B17-447B-990B-46EF796941FC}.Debug|x86.ActiveCfg = Debug|Any CPU
		{19CE1833-5B17-447B-990B-46EF796941FC}.Debug|x86.Build.0 = Debug|Any CPU
		{19CE1833-5B17-447B-990B-46EF796941FC}.Release|Any CPU.ActiveCfg = Release|Any CPU
		{19CE1833-5B17-447B-990B-46EF796941FC}.Release|Any CPU.Build.0 = Release|Any CPU
		{19CE1833-5B17-447B-990B-46EF796941FC}.Release|ARM.ActiveCfg = Release|Any CPU
		{19CE1833-5B17-447B-990B-46EF796941FC}.Release|ARM.Build.0 = Release|Any CPU
		{19CE1833-5B17-447B-990B-46EF796941FC}.Release|x64.ActiveCfg = Release|Any CPU
		{19CE1833-5B17-447B-990B-46EF796941FC}.Release|x64.Build.0 = Release|Any CPU
		{19CE1833-5B17-447B-990B-46EF796941FC}.Release|x86.ActiveCfg = Release|Any CPU
		{19CE1833-5B17-447B-990B-46EF796941FC}.Release|x86.Build.0 = Release|Any CPU
		{E2B684A9-7399-480A-801E-87C039DE07F6}.Debug|Any CPU.ActiveCfg = Debug|Win32
		{E2B684A9-7399-480A-801E-87C039DE07F6}.Debug|ARM.ActiveCfg = Debug|Win32
		{E2B684A9-7399-480A-801E-87C039DE07F6}.Debug|x64.ActiveCfg = Debug|x64
		{E2B684A9-7399-480A-801E-87C039DE07F6}.Debug|x64.Build.0 = Debug|x64
		{E2B684A9-7399-480A-801E-87C039DE07F6}.Debug|x86.ActiveCfg = Debug|Win32
		{E2B684A9-7399-480A-801E-87C039DE07F6}.Debug|x86.Build.0 = Debug|Win32
		{E2B684A9-7399-480A-801E-87C039DE07F6}.Release|Any CPU.ActiveCfg = Release|Win32
		{E2B684A9-7399-480A-801E-87C039DE07F6}.Release|ARM.ActiveCfg = Release|Win32
		{E2B684A9-7399-480A-801E-87C039DE07F6}.Release|x64.ActiveCfg = Release|x64
		{E2B684A9-7399-480A-801E-87C039DE07F6}.Release|x64.Build.0 = Release|x64
		{E2B684A9-7399-480A-801E-87C039DE07F6}.Release|x86.ActiveCfg = Release|Win32
		{E2B684A9-7399-480A-801E-87C039DE07F6}.Release|x86.Build.0 = Release|Win32
		{2A77A2F0-5B90-494F-B890-6CE55407B5AA}.Debug|Any CPU.ActiveCfg = Debug|Win32
		{2A77A2F0-5B90-494F-B890-6CE55407B5AA}.Debug|ARM.ActiveCfg = Debug|Win32
		{2A77A2F0-5B90-494F-B890-6CE55407B5AA}.Debug|x64.ActiveCfg = Debug|x64
		{2A77A2F0-5B90-494F-B890-6CE55407B5AA}.Debug|x64.Build.0 = Debug|x64
		{2A77A2F0-5B90-494F-B890-6CE55407B5AA}.Debug|x86.ActiveCfg = Debug|Win32
		{2A77A2F0-5B90-494F-B890-6CE55407B5AA}.Debug|x86.Build.0 = Debug|Win32
		{2A77A2F0-5B90-494F-B890-6CE55407B5AA}.Release|Any CPU.ActiveCfg = Release|Win32
		{2A77A2F0-5B90-494F-B890-6CE55407B5AA}.Release|ARM.ActiveCfg = Release|Win32
		{2A77A2F0-5B90-494F-B890-6CE55407B5AA}.Release|x64.ActiveCfg = Release|x64
		{2A77A2F0-5B90-494F-B890-6CE55407B5AA}.Release|x64.Build.0 = Release|x64
		{2A77A2F0-5B90-494F-B890-6CE55407B5AA}.Release|x86.ActiveCfg = Release|Win32
		{2A77A2F0-5B90-494F-B890-6CE55407B5AA}.Release|x86.Build.0 = Release|Win32
		{157FC353-E7AD-4C07-977A-4849D901619C}.Debug|Any CPU.ActiveCfg = Debug|Any CPU
		{157FC353-E7AD-4C07-977A-4849D901619C}.Debug|Any CPU.Build.0 = Debug|Any CPU
		{157FC353-E7AD-4C07-977A-4849D901619C}.Debug|ARM.ActiveCfg = Debug|Any CPU
		{157FC353-E7AD-4C07-977A-4849D901619C}.Debug|ARM.Build.0 = Debug|Any CPU
		{157FC353-E7AD-4C07-977A-4849D901619C}.Debug|x64.ActiveCfg = Debug|Any CPU
		{157FC353-E7AD-4C07-977A-4849D901619C}.Debug|x64.Build.0 = Debug|Any CPU
		{157FC353-E7AD-4C07-977A-4849D901619C}.Debug|x86.ActiveCfg = Debug|Any CPU
		{157FC353-E7AD-4C07-977A-4849D901619C}.Debug|x86.Build.0 = Debug|Any CPU
		{157FC353-E7AD-4C07-977A-4849D901619C}.Release|Any CPU.ActiveCfg = Release|Any CPU
		{157FC353-E7AD-4C07-977A-4849D901619C}.Release|Any CPU.Build.0 = Release|Any CPU
		{157FC353-E7AD-4C07-977A-4849D901619C}.Release|ARM.ActiveCfg = Release|Any CPU
		{157FC353-E7AD-4C07-977A-4849D901619C}.Release|ARM.Build.0 = Release|Any CPU
		{157FC353-E7AD-4C07-977A-4849D901619C}.Release|x64.ActiveCfg = Release|Any CPU
		{157FC353-E7AD-4C07-977A-4849D901619C}.Release|x64.Build.0 = Release|Any CPU
		{157FC353-E7AD-4C07-977A-4849D901619C}.Release|x86.ActiveCfg = Release|Any CPU
		{157FC353-E7AD-4C07-977A-4849D901619C}.Release|x86.Build.0 = Release|Any CPU
		{2C5C4579-72DD-4483-BCEA-268AC1F5755C}.Debug|Any CPU.ActiveCfg = Debug|Any CPU
		{2C5C4579-72DD-4483-BCEA-268AC1F5755C}.Debug|Any CPU.Build.0 = Debug|Any CPU
		{2C5C4579-72DD-4483-BCEA-268AC1F5755C}.Debug|ARM.ActiveCfg = Debug|Any CPU
		{2C5C4579-72DD-4483-BCEA-268AC1F5755C}.Debug|ARM.Build.0 = Debug|Any CPU
		{2C5C4579-72DD-4483-BCEA-268AC1F5755C}.Debug|x64.ActiveCfg = Debug|Any CPU
		{2C5C4579-72DD-4483-BCEA-268AC1F5755C}.Debug|x64.Build.0 = Debug|Any CPU
		{2C5C4579-72DD-4483-BCEA-268AC1F5755C}.Debug|x86.ActiveCfg = Debug|Any CPU
		{2C5C4579-72DD-4483-BCEA-268AC1F5755C}.Debug|x86.Build.0 = Debug|Any CPU
		{2C5C4579-72DD-4483-BCEA-268AC1F5755C}.Release|Any CPU.ActiveCfg = Release|Any CPU
		{2C5C4579-72DD-4483-BCEA-268AC1F5755C}.Release|Any CPU.Build.0 = Release|Any CPU
		{2C5C4579-72DD-4483-BCEA-268AC1F5755C}.Release|ARM.ActiveCfg = Release|Any CPU
		{2C5C4579-72DD-4483-BCEA-268AC1F5755C}.Release|ARM.Build.0 = Release|Any CPU
		{2C5C4579-72DD-4483-BCEA-268AC1F5755C}.Release|x64.ActiveCfg = Release|Any CPU
		{2C5C4579-72DD-4483-BCEA-268AC1F5755C}.Release|x64.Build.0 = Release|Any CPU
		{2C5C4579-72DD-4483-BCEA-268AC1F5755C}.Release|x86.ActiveCfg = Release|Any CPU
		{2C5C4579-72DD-4483-BCEA-268AC1F5755C}.Release|x86.Build.0 = Release|Any CPU
		{7E295614-0571-4780-B377-94E4101046B6}.Debug|Any CPU.ActiveCfg = Debug|Any CPU
		{7E295614-0571-4780-B377-94E4101046B6}.Debug|Any CPU.Build.0 = Debug|Any CPU
		{7E295614-0571-4780-B377-94E4101046B6}.Debug|ARM.ActiveCfg = Debug|Any CPU
		{7E295614-0571-4780-B377-94E4101046B6}.Debug|ARM.Build.0 = Debug|Any CPU
		{7E295614-0571-4780-B377-94E4101046B6}.Debug|x64.ActiveCfg = Debug|Any CPU
		{7E295614-0571-4780-B377-94E4101046B6}.Debug|x64.Build.0 = Debug|Any CPU
		{7E295614-0571-4780-B377-94E4101046B6}.Debug|x86.ActiveCfg = Debug|Any CPU
		{7E295614-0571-4780-B377-94E4101046B6}.Debug|x86.Build.0 = Debug|Any CPU
		{7E295614-0571-4780-B377-94E4101046B6}.Release|Any CPU.ActiveCfg = Release|Any CPU
		{7E295614-0571-4780-B377-94E4101046B6}.Release|Any CPU.Build.0 = Release|Any CPU
		{7E295614-0571-4780-B377-94E4101046B6}.Release|ARM.ActiveCfg = Release|Any CPU
		{7E295614-0571-4780-B377-94E4101046B6}.Release|ARM.Build.0 = Release|Any CPU
		{7E295614-0571-4780-B377-94E4101046B6}.Release|x64.ActiveCfg = Release|Any CPU
		{7E295614-0571-4780-B377-94E4101046B6}.Release|x64.Build.0 = Release|Any CPU
		{7E295614-0571-4780-B377-94E4101046B6}.Release|x86.ActiveCfg = Release|Any CPU
		{7E295614-0571-4780-B377-94E4101046B6}.Release|x86.Build.0 = Release|Any CPU
		{81A5879A-1B0B-48B3-991E-0453181A4356}.Debug|Any CPU.ActiveCfg = Debug|Any CPU
		{81A5879A-1B0B-48B3-991E-0453181A4356}.Debug|Any CPU.Build.0 = Debug|Any CPU
		{81A5879A-1B0B-48B3-991E-0453181A4356}.Debug|ARM.ActiveCfg = Debug|Any CPU
		{81A5879A-1B0B-48B3-991E-0453181A4356}.Debug|ARM.Build.0 = Debug|Any CPU
		{81A5879A-1B0B-48B3-991E-0453181A4356}.Debug|x64.ActiveCfg = Debug|Any CPU
		{81A5879A-1B0B-48B3-991E-0453181A4356}.Debug|x64.Build.0 = Debug|Any CPU
		{81A5879A-1B0B-48B3-991E-0453181A4356}.Debug|x86.ActiveCfg = Debug|Any CPU
		{81A5879A-1B0B-48B3-991E-0453181A4356}.Debug|x86.Build.0 = Debug|Any CPU
		{81A5879A-1B0B-48B3-991E-0453181A4356}.Release|Any CPU.ActiveCfg = Release|Any CPU
		{81A5879A-1B0B-48B3-991E-0453181A4356}.Release|Any CPU.Build.0 = Release|Any CPU
		{81A5879A-1B0B-48B3-991E-0453181A4356}.Release|ARM.ActiveCfg = Release|Any CPU
		{81A5879A-1B0B-48B3-991E-0453181A4356}.Release|ARM.Build.0 = Release|Any CPU
		{81A5879A-1B0B-48B3-991E-0453181A4356}.Release|x64.ActiveCfg = Release|Any CPU
		{81A5879A-1B0B-48B3-991E-0453181A4356}.Release|x64.Build.0 = Release|Any CPU
		{81A5879A-1B0B-48B3-991E-0453181A4356}.Release|x86.ActiveCfg = Release|Any CPU
		{81A5879A-1B0B-48B3-991E-0453181A4356}.Release|x86.Build.0 = Release|Any CPU
		{52E6A5E1-CE90-49C0-904C-5D44B365F9A1}.Debug|Any CPU.ActiveCfg = Debug|Any CPU
		{52E6A5E1-CE90-49C0-904C-5D44B365F9A1}.Debug|Any CPU.Build.0 = Debug|Any CPU
		{52E6A5E1-CE90-49C0-904C-5D44B365F9A1}.Debug|ARM.ActiveCfg = Debug|Any CPU
		{52E6A5E1-CE90-49C0-904C-5D44B365F9A1}.Debug|ARM.Build.0 = Debug|Any CPU
		{52E6A5E1-CE90-49C0-904C-5D44B365F9A1}.Debug|x64.ActiveCfg = Debug|Any CPU
		{52E6A5E1-CE90-49C0-904C-5D44B365F9A1}.Debug|x64.Build.0 = Debug|Any CPU
		{52E6A5E1-CE90-49C0-904C-5D44B365F9A1}.Debug|x86.ActiveCfg = Debug|Any CPU
		{52E6A5E1-CE90-49C0-904C-5D44B365F9A1}.Debug|x86.Build.0 = Debug|Any CPU
		{52E6A5E1-CE90-49C0-904C-5D44B365F9A1}.Release|Any CPU.ActiveCfg = Release|Any CPU
		{52E6A5E1-CE90-49C0-904C-5D44B365F9A1}.Release|Any CPU.Build.0 = Release|Any CPU
		{52E6A5E1-CE90-49C0-904C-5D44B365F9A1}.Release|ARM.ActiveCfg = Release|Any CPU
		{52E6A5E1-CE90-49C0-904C-5D44B365F9A1}.Release|ARM.Build.0 = Release|Any CPU
		{52E6A5E1-CE90-49C0-904C-5D44B365F9A1}.Release|x64.ActiveCfg = Release|Any CPU
		{52E6A5E1-CE90-49C0-904C-5D44B365F9A1}.Release|x64.Build.0 = Release|Any CPU
		{52E6A5E1-CE90-49C0-904C-5D44B365F9A1}.Release|x86.ActiveCfg = Release|Any CPU
		{52E6A5E1-CE90-49C0-904C-5D44B365F9A1}.Release|x86.Build.0 = Release|Any CPU
		{3ED4ADAF-B3EB-4751-837A-F0C05504B104}.Debug|Any CPU.ActiveCfg = Debug|Any CPU
		{3ED4ADAF-B3EB-4751-837A-F0C05504B104}.Debug|Any CPU.Build.0 = Debug|Any CPU
		{3ED4ADAF-B3EB-4751-837A-F0C05504B104}.Debug|ARM.ActiveCfg = Debug|Any CPU
		{3ED4ADAF-B3EB-4751-837A-F0C05504B104}.Debug|ARM.Build.0 = Debug|Any CPU
		{3ED4ADAF-B3EB-4751-837A-F0C05504B104}.Debug|x64.ActiveCfg = Debug|Any CPU
		{3ED4ADAF-B3EB-4751-837A-F0C05504B104}.Debug|x64.Build.0 = Debug|Any CPU
		{3ED4ADAF-B3EB-4751-837A-F0C05504B104}.Debug|x86.ActiveCfg = Debug|Any CPU
		{3ED4ADAF-B3EB-4751-837A-F0C05504B104}.Debug|x86.Build.0 = Debug|Any CPU
		{3ED4ADAF-B3EB-4751-837A-F0C05504B104}.Release|Any CPU.ActiveCfg = Release|Any CPU
		{3ED4ADAF-B3EB-4751-837A-F0C05504B104}.Release|Any CPU.Build.0 = Release|Any CPU
		{3ED4ADAF-B3EB-4751-837A-F0C05504B104}.Release|ARM.ActiveCfg = Release|Any CPU
		{3ED4ADAF-B3EB-4751-837A-F0C05504B104}.Release|ARM.Build.0 = Release|Any CPU
		{3ED4ADAF-B3EB-4751-837A-F0C05504B104}.Release|x64.ActiveCfg = Release|Any CPU
		{3ED4ADAF-B3EB-4751-837A-F0C05504B104}.Release|x64.Build.0 = Release|Any CPU
		{3ED4ADAF-B3EB-4751-837A-F0C05504B104}.Release|x86.ActiveCfg = Release|Any CPU
		{3ED4ADAF-B3EB-4751-837A-F0C05504B104}.Release|x86.Build.0 = Release|Any CPU
		{AB7EBE65-7124-4292-AF33-524D41C535FA}.Debug|Any CPU.ActiveCfg = Debug|Any CPU
		{AB7EBE65-7124-4292-AF33-524D41C535FA}.Debug|Any CPU.Build.0 = Debug|Any CPU
		{AB7EBE65-7124-4292-AF33-524D41C535FA}.Debug|ARM.ActiveCfg = Debug|Any CPU
		{AB7EBE65-7124-4292-AF33-524D41C535FA}.Debug|ARM.Build.0 = Debug|Any CPU
		{AB7EBE65-7124-4292-AF33-524D41C535FA}.Debug|x64.ActiveCfg = Debug|Any CPU
		{AB7EBE65-7124-4292-AF33-524D41C535FA}.Debug|x64.Build.0 = Debug|Any CPU
		{AB7EBE65-7124-4292-AF33-524D41C535FA}.Debug|x86.ActiveCfg = Debug|Any CPU
		{AB7EBE65-7124-4292-AF33-524D41C535FA}.Debug|x86.Build.0 = Debug|Any CPU
		{AB7EBE65-7124-4292-AF33-524D41C535FA}.Release|Any CPU.ActiveCfg = Release|Any CPU
		{AB7EBE65-7124-4292-AF33-524D41C535FA}.Release|Any CPU.Build.0 = Release|Any CPU
		{AB7EBE65-7124-4292-AF33-524D41C535FA}.Release|ARM.ActiveCfg = Release|Any CPU
		{AB7EBE65-7124-4292-AF33-524D41C535FA}.Release|ARM.Build.0 = Release|Any CPU
		{AB7EBE65-7124-4292-AF33-524D41C535FA}.Release|x64.ActiveCfg = Release|Any CPU
		{AB7EBE65-7124-4292-AF33-524D41C535FA}.Release|x64.Build.0 = Release|Any CPU
		{AB7EBE65-7124-4292-AF33-524D41C535FA}.Release|x86.ActiveCfg = Release|Any CPU
		{AB7EBE65-7124-4292-AF33-524D41C535FA}.Release|x86.Build.0 = Release|Any CPU
		{0E358CAC-C728-43B1-932A-8F9C9B0ABA10}.Debug|Any CPU.ActiveCfg = Debug|Any CPU
		{0E358CAC-C728-43B1-932A-8F9C9B0ABA10}.Debug|Any CPU.Build.0 = Debug|Any CPU
		{0E358CAC-C728-43B1-932A-8F9C9B0ABA10}.Debug|ARM.ActiveCfg = Debug|Any CPU
		{0E358CAC-C728-43B1-932A-8F9C9B0ABA10}.Debug|ARM.Build.0 = Debug|Any CPU
		{0E358CAC-C728-43B1-932A-8F9C9B0ABA10}.Debug|x64.ActiveCfg = Debug|Any CPU
		{0E358CAC-C728-43B1-932A-8F9C9B0ABA10}.Debug|x64.Build.0 = Debug|Any CPU
		{0E358CAC-C728-43B1-932A-8F9C9B0ABA10}.Debug|x86.ActiveCfg = Debug|Any CPU
		{0E358CAC-C728-43B1-932A-8F9C9B0ABA10}.Debug|x86.Build.0 = Debug|Any CPU
		{0E358CAC-C728-43B1-932A-8F9C9B0ABA10}.Release|Any CPU.ActiveCfg = Release|Any CPU
		{0E358CAC-C728-43B1-932A-8F9C9B0ABA10}.Release|Any CPU.Build.0 = Release|Any CPU
		{0E358CAC-C728-43B1-932A-8F9C9B0ABA10}.Release|ARM.ActiveCfg = Release|Any CPU
		{0E358CAC-C728-43B1-932A-8F9C9B0ABA10}.Release|ARM.Build.0 = Release|Any CPU
		{0E358CAC-C728-43B1-932A-8F9C9B0ABA10}.Release|x64.ActiveCfg = Release|Any CPU
		{0E358CAC-C728-43B1-932A-8F9C9B0ABA10}.Release|x64.Build.0 = Release|Any CPU
		{0E358CAC-C728-43B1-932A-8F9C9B0ABA10}.Release|x86.ActiveCfg = Release|Any CPU
		{0E358CAC-C728-43B1-932A-8F9C9B0ABA10}.Release|x86.Build.0 = Release|Any CPU
	EndGlobalSection
	GlobalSection(SolutionProperties) = preSolution
		HideSolutionNode = FALSE
	EndGlobalSection
	GlobalSection(NestedProjects) = preSolution
		{8BDCB71C-8682-4EBA-AFF5-CCB6C327367D} = {37D06977-732A-4D84-AFD0-E18E69CD7F8E}
		{F8EDD5F0-2A1D-49A7-A104-1D6A7AA514F4} = {3084608B-45B0-4E26-96C6-6B1365E21C72}
		{1566E4C0-3C2E-4B29-A9ED-708AF3281695} = {01CE5547-46B4-4103-8FC1-3D5C090BD946}
		{EB905638-559D-434C-B763-4A766809E1AE} = {01CE5547-46B4-4103-8FC1-3D5C090BD946}
		{225FBBD1-C874-4802-B794-D34E23DC7018} = {01CE5547-46B4-4103-8FC1-3D5C090BD946}
		{B05727A3-A720-4716-9118-DBE5D9929256} = {01CE5547-46B4-4103-8FC1-3D5C090BD946}
		{19CE1833-5B17-447B-990B-46EF796941FC} = {01CE5547-46B4-4103-8FC1-3D5C090BD946}
		{E2B684A9-7399-480A-801E-87C039DE07F6} = {AF82C3F6-CAB4-4D9C-90F6-12B514EA8CA8}
		{157FC353-E7AD-4C07-977A-4849D901619C} = {37D06977-732A-4D84-AFD0-E18E69CD7F8E}
		{2C5C4579-72DD-4483-BCEA-268AC1F5755C} = {37D06977-732A-4D84-AFD0-E18E69CD7F8E}
		{DF4DD932-2801-45CD-898F-C60A2B87499F} = {F3B44B09-E174-4504-9049-4DC9461298B6}
		{7E295614-0571-4780-B377-94E4101046B6} = {DF4DD932-2801-45CD-898F-C60A2B87499F}
		{81A5879A-1B0B-48B3-991E-0453181A4356} = {DF4DD932-2801-45CD-898F-C60A2B87499F}
		{52E6A5E1-CE90-49C0-904C-5D44B365F9A1} = {DF4DD932-2801-45CD-898F-C60A2B87499F}
		{3ED4ADAF-B3EB-4751-837A-F0C05504B104} = {DF4DD932-2801-45CD-898F-C60A2B87499F}
		{AB7EBE65-7124-4292-AF33-524D41C535FA} = {DF4DD932-2801-45CD-898F-C60A2B87499F}
		{0E358CAC-C728-43B1-932A-8F9C9B0ABA10} = {DF4DD932-2801-45CD-898F-C60A2B87499F}
	EndGlobalSection
EndGlobal
